
Microsoft Visual Studio Solution File, Format Version 12.00
# Visual Studio 15
VisualStudioVersion = 15.0.28010.2003
MinimumVisualStudioVersion = 10.0.40219.1
Project("{FAE04EC0-301F-11D3-BF4B-00C04F79EFBC}") = "CalculadoraPrecaria", "CalculadoraPrecaria\CalculadoraPrecaria.csproj", "{32AD78A0-8CAB-4C75-A74C-94AE092E4CEB}"
EndProject
Global
	GlobalSection(SolutionConfigurationPlatforms) = preSolution
		Debug|Any CPU = Debug|Any CPU
		Release|Any CPU = Release|Any CPU
	EndGlobalSection
	GlobalSection(ProjectConfigurationPlatforms) = postSolution
		{32AD78A0-8CAB-4C75-A74C-94AE092E4CEB}.Debug|Any CPU.ActiveCfg = Debug|Any CPU
		{32AD78A0-8CAB-4C75-A74C-94AE092E4CEB}.Debug|Any CPU.Build.0 = Debug|Any CPU
		{32AD78A0-8CAB-4C75-A74C-94AE092E4CEB}.Release|Any CPU.ActiveCfg = Release|Any CPU
		{32AD78A0-8CAB-4C75-A74C-94AE092E4CEB}.Release|Any CPU.Build.0 = Release|Any CPU
	EndGlobalSection
	GlobalSection(SolutionProperties) = preSolution
		HideSolutionNode = FALSE
	EndGlobalSection
	GlobalSection(ExtensibilityGlobals) = postSolution
		SolutionGuid = {2CBF870E-5F18-4EF4-9B02-0EBB6454CE1B}
	EndGlobalSection
EndGlobal
