
Microsoft Visual Studio Solution File, Format Version 12.00
# Visual Studio 15
VisualStudioVersion = 15.0.28010.2003
MinimumVisualStudioVersion = 10.0.40219.1
Project("{FAE04EC0-301F-11D3-BF4B-00C04F79EFBC}") = "parcialArea", "parcialArea\parcialArea.csproj", "{5A6B770F-56F3-4C7B-B1E6-C7226410098B}"
EndProject
Global
	GlobalSection(SolutionConfigurationPlatforms) = preSolution
		Debug|Any CPU = Debug|Any CPU
		Release|Any CPU = Release|Any CPU
	EndGlobalSection
	GlobalSection(ProjectConfigurationPlatforms) = postSolution
		{5A6B770F-56F3-4C7B-B1E6-C7226410098B}.Debug|Any CPU.ActiveCfg = Debug|Any CPU
		{5A6B770F-56F3-4C7B-B1E6-C7226410098B}.Debug|Any CPU.Build.0 = Debug|Any CPU
		{5A6B770F-56F3-4C7B-B1E6-C7226410098B}.Release|Any CPU.ActiveCfg = Release|Any CPU
		{5A6B770F-56F3-4C7B-B1E6-C7226410098B}.Release|Any CPU.Build.0 = Release|Any CPU
	EndGlobalSection
	GlobalSection(SolutionProperties) = preSolution
		HideSolutionNode = FALSE
	EndGlobalSection
	GlobalSection(ExtensibilityGlobals) = postSolution
		SolutionGuid = {E56DB645-B729-466C-B67E-F421815CC825}
	EndGlobalSection
EndGlobal
